
Microsoft Visual Studio Solution File, Format Version 12.00
# Visual Studio Version 17
VisualStudioVersion = 17.4.33213.308
MinimumVisualStudioVersion = 10.0.40219.1
Project("{9A19103F-16F7-4668-BE54-9A1E7A4F7556}") = "CoffeeShop", "CoffeeShop\CoffeeShop.csproj", "{79C4839C-E876-4F3B-BD54-C29E4857A1C8}"
EndProject
Project("{00D1A9C2-B5F0-4AF3-8072-F6C62B433612}") = "CoffeeShop_DB", "CoffeeShop_DB\CoffeeShop_DB.sqlproj", "{D8671837-54A6-4609-A8FC-BE7B09C91FD3}"
EndProject
Project("{54A90642-561A-4BB1-A94E-469ADEE60C69}") = "coffeeshop_fe", "coffeeshop_fe\coffeeshop_fe.esproj", "{4B476F01-CB94-4F4F-B1BC-344517D82DD7}"
EndProject
Global
	GlobalSection(SolutionConfigurationPlatforms) = preSolution
		Debug|Any CPU = Debug|Any CPU
		Release|Any CPU = Release|Any CPU
	EndGlobalSection
	GlobalSection(ProjectConfigurationPlatforms) = postSolution
		{79C4839C-E876-4F3B-BD54-C29E4857A1C8}.Debug|Any CPU.ActiveCfg = Debug|Any CPU
		{79C4839C-E876-4F3B-BD54-C29E4857A1C8}.Debug|Any CPU.Build.0 = Debug|Any CPU
		{79C4839C-E876-4F3B-BD54-C29E4857A1C8}.Release|Any CPU.ActiveCfg = Release|Any CPU
		{79C4839C-E876-4F3B-BD54-C29E4857A1C8}.Release|Any CPU.Build.0 = Release|Any CPU
		{D8671837-54A6-4609-A8FC-BE7B09C91FD3}.Debug|Any CPU.ActiveCfg = Debug|Any CPU
		{D8671837-54A6-4609-A8FC-BE7B09C91FD3}.Debug|Any CPU.Build.0 = Debug|Any CPU
		{D8671837-54A6-4609-A8FC-BE7B09C91FD3}.Debug|Any CPU.Deploy.0 = Debug|Any CPU
		{D8671837-54A6-4609-A8FC-BE7B09C91FD3}.Release|Any CPU.ActiveCfg = Release|Any CPU
		{D8671837-54A6-4609-A8FC-BE7B09C91FD3}.Release|Any CPU.Build.0 = Release|Any CPU
		{D8671837-54A6-4609-A8FC-BE7B09C91FD3}.Release|Any CPU.Deploy.0 = Release|Any CPU
		{4B476F01-CB94-4F4F-B1BC-344517D82DD7}.Debug|Any CPU.ActiveCfg = Debug|Any CPU
		{4B476F01-CB94-4F4F-B1BC-344517D82DD7}.Debug|Any CPU.Build.0 = Debug|Any CPU
		{4B476F01-CB94-4F4F-B1BC-344517D82DD7}.Debug|Any CPU.Deploy.0 = Debug|Any CPU
		{4B476F01-CB94-4F4F-B1BC-344517D82DD7}.Release|Any CPU.ActiveCfg = Release|Any CPU
		{4B476F01-CB94-4F4F-B1BC-344517D82DD7}.Release|Any CPU.Build.0 = Release|Any CPU
		{4B476F01-CB94-4F4F-B1BC-344517D82DD7}.Release|Any CPU.Deploy.0 = Release|Any CPU
	EndGlobalSection
	GlobalSection(SolutionProperties) = preSolution
		HideSolutionNode = FALSE
	EndGlobalSection
	GlobalSection(ExtensibilityGlobals) = postSolution
		SolutionGuid = {C514B5DE-5917-4B33-975E-9D2CB2E7405A}
	EndGlobalSection
EndGlobal
